PODS:
  - ARAnalytics/CoreIOS (2.8.0)
  - ARAnalytics/Flurry (2.8.0):
    - ARAnalytics/CoreIOS
    - FlurrySDK
  - ARAnalytics/GoogleAnalytics (2.8.0):
    - ARAnalytics/CoreIOS
    - GoogleAnalytics-iOS-SDK
  - FlurrySDK (5.4.0):
    - FlurrySDK/FlurrySDK
  - FlurrySDK/FlurrySDK (5.4.0)
  - GoogleAnalytics-iOS-SDK (3.10)
  - InAppSettingsKit (2.2.1)
  - Realm (0.87.4):
    - Realm/Headers
  - Realm/Headers (0.87.4)
  - TesseractOCRiOS (2.3-dev)

DEPENDENCIES:
  - ARAnalytics/Flurry
  - ARAnalytics/GoogleAnalytics
  - InAppSettingsKit (~> 2.1)
  - Realm
  - TesseractOCRiOS (from `.`)

EXTERNAL SOURCES:
  TesseractOCRiOS:
    :podspec: .

SPEC CHECKSUMS:
  ARAnalytics: 93c5b65989145f88f4d45e262612eac277b0c219
  FlurrySDK: bed9e5598353f867508d164795a451e3ada92cb6
  GoogleAnalytics-iOS-SDK: e5872d2acc120613d954320e206c7e3bc8357d7c
  InAppSettingsKit: 1d23ffbc68f628fb5d6fce0c2eed46ac6b4f3ce7
  Realm: 17d0d9c94b38d15223fa3e806ead0e0562765e46
  TesseractOCRiOS: 2dcbc741142453d5a5b4ae738a7cc8488c541203

COCOAPODS: 0.34.4
